
Microsoft Visual Studio Solution File, Format Version 12.00
# Visual Studio Version 16
VisualStudioVersion = 16.0.33529.622
MinimumVisualStudioVersion = 10.0.40219.1
Project("{FAE04EC0-301F-11D3-BF4B-00C04F79EFBC}") = "FactoryProject", "FactoryProject\FactoryProject.csproj", "{A6367493-4E56-40EA-993F-A7AFECC531CC}"
EndProject
Global
	GlobalSection(SolutionConfigurationPlatforms) = preSolution
		Debug|Any CPU = Debug|Any CPU
		Release|Any CPU = Release|Any CPU
	EndGlobalSection
	GlobalSection(ProjectConfigurationPlatforms) = postSolution
		{A6367493-4E56-40EA-993F-A7AFECC531CC}.Debug|Any CPU.ActiveCfg = Debug|Any CPU
		{A6367493-4E56-40EA-993F-A7AFECC531CC}.Debug|Any CPU.Build.0 = Debug|Any CPU
		{A6367493-4E56-40EA-993F-A7AFECC531CC}.Release|Any CPU.ActiveCfg = Release|Any CPU
		{A6367493-4E56-40EA-993F-A7AFECC531CC}.Release|Any CPU.Build.0 = Release|Any CPU
	EndGlobalSection
	GlobalSection(SolutionProperties) = preSolution
		HideSolutionNode = FALSE
	EndGlobalSection
	GlobalSection(ExtensibilityGlobals) = postSolution
		SolutionGuid = {26F24244-B85B-4D45-93DF-382DB8A4E226}
	EndGlobalSection
EndGlobal
